// !$*UTF8*$!
{
	archiveVersion = 1;
	classes = {
	};
	objectVersion = 51;
	objects = {

/* Begin PBXBuildFile section */
		3FF5B9C2648FD2910EB394C1 /* Pods_cSDKonIOS.framework in Frameworks */ = {isa = PBXBuildFile; fileRef = C8778C1D6E7C154CDC482621 /* Pods_cSDKonIOS.framework */; };
		A198DC1925E576FC00CEDC94 /* iotClientViewController.swift in Sources */ = {isa = PBXBuildFile; fileRef = A198DC1825E576FC00CEDC94 /* iotClientViewController.swift */; };
		A1AFDDD725E45DF4000375E6 /* cSDKonIOSApp.swift in Sources */ = {isa = PBXBuildFile; fileRef = A1AFDDD625E45DF4000375E6 /* cSDKonIOSApp.swift */; };
		A1AFDDD925E45DF4000375E6 /* iotDemoView.swift in Sources */ = {isa = PBXBuildFile; fileRef = A1AFDDD825E45DF4000375E6 /* iotDemoView.swift */; };
		A1AFDDDB25E45DF5000375E6 /* Assets.xcassets in Resources */ = {isa = PBXBuildFile; fileRef = A1AFDDDA25E45DF5000375E6 /* Assets.xcassets */; };
		A1AFDDDE25E45DF5000375E6 /* Preview Assets.xcassets in Resources */ = {isa = PBXBuildFile; fileRef = A1AFDDDD25E45DF5000375E6 /* Preview Assets.xcassets */; };
/* End PBXBuildFile section */

/* Begin PBXFileReference section */
		3B09A2B9E5E1A8CDA37D60C5 /* Pods-cSDKonIOS.debug.xcconfig */ = {isa = PBXFileReference; includeInIndex = 1; lastKnownFileType = text.xcconfig; name = "Pods-cSDKonIOS.debug.xcconfig"; path = "Target Support Files/Pods-cSDKonIOS/Pods-cSDKonIOS.debug.xcconfig"; sourceTree = "<group>"; };
		442BECFCE392B52360A9B30F /* Pods-cSDKonIOS.debug.xcconfig */ = {isa = PBXFileReference; includeInIndex = 1; lastKnownFileType = text.xcconfig; name = "Pods-cSDKonIOS.debug.xcconfig"; path = "Target Support Files/Pods-cSDKonIOS/Pods-cSDKonIOS.debug.xcconfig"; sourceTree = "<group>"; };
		4F446FB609804D4D26052447 /* Pods-cSDKonIOS.release.xcconfig */ = {isa = PBXFileReference; includeInIndex = 1; lastKnownFileType = text.xcconfig; name = "Pods-cSDKonIOS.release.xcconfig"; path = "Target Support Files/Pods-cSDKonIOS/Pods-cSDKonIOS.release.xcconfig"; sourceTree = "<group>"; };
		7A23E33DD813C39C3F021C7E /* Pods-cSDKonIOS.release.xcconfig */ = {isa = PBXFileReference; includeInIndex = 1; lastKnownFileType = text.xcconfig; name = "Pods-cSDKonIOS.release.xcconfig"; path = "Target Support Files/Pods-cSDKonIOS/Pods-cSDKonIOS.release.xcconfig"; sourceTree = "<group>"; };
		A198DC1825E576FC00CEDC94 /* iotClientViewController.swift */ = {isa = PBXFileReference; lastKnownFileType = sourcecode.swift; path = iotClientViewController.swift; sourceTree = "<group>"; };
		A1AFDDD325E45DF4000375E6 /* cSDKonIOS.app */ = {isa = PBXFileReference; explicitFileType = wrapper.application; includeInIndex = 0; path = cSDKonIOS.app; sourceTree = BUILT_PRODUCTS_DIR; };
		A1AFDDD625E45DF4000375E6 /* cSDKonIOSApp.swift */ = {isa = PBXFileReference; lastKnownFileType = sourcecode.swift; path = cSDKonIOSApp.swift; sourceTree = "<group>"; };
		A1AFDDD825E45DF4000375E6 /* iotDemoView.swift */ = {isa = PBXFileReference; lastKnownFileType = sourcecode.swift; path = iotDemoView.swift; sourceTree = "<group>"; };
		A1AFDDDA25E45DF5000375E6 /* Assets.xcassets */ = {isa = PBXFileReference; lastKnownFileType = folder.assetcatalog; path = Assets.xcassets; sourceTree = "<group>"; };
		A1AFDDDD25E45DF5000375E6 /* Preview Assets.xcassets */ = {isa = PBXFileReference; lastKnownFileType = folder.assetcatalog; path = "Preview Assets.xcassets"; sourceTree = "<group>"; };
		A1AFDDDF25E45DF5000375E6 /* Info.plist */ = {isa = PBXFileReference; lastKnownFileType = text.plist.xml; path = Info.plist; sourceTree = "<group>"; };
		C8778C1D6E7C154CDC482621 /* Pods_cSDKonIOS.framework */ = {isa = PBXFileReference; explicitFileType = wrapper.framework; includeInIndex = 0; path = Pods_cSDKonIOS.framework; sourceTree = BUILT_PRODUCTS_DIR; };
/* End PBXFileReference section */

/* Begin PBXFrameworksBuildPhase section */
		A1AFDDD025E45DF4000375E6 /* Frameworks */ = {
			isa = PBXFrameworksBuildPhase;
			buildActionMask = 2147483647;
			files = (
				3FF5B9C2648FD2910EB394C1 /* Pods_cSDKonIOS.framework in Frameworks */,
			);
			runOnlyForDeploymentPostprocessing = 0;
		};
/* End PBXFrameworksBuildPhase section */

/* Begin PBXGroup section */
		462108439974E703D4AF5EF4 /* Pods */ = {
			isa = PBXGroup;
			children = (
				3B09A2B9E5E1A8CDA37D60C5 /* Pods-cSDKonIOS.debug.xcconfig */,
				4F446FB609804D4D26052447 /* Pods-cSDKonIOS.release.xcconfig */,
				442BECFCE392B52360A9B30F /* Pods-cSDKonIOS.debug.xcconfig */,
				7A23E33DD813C39C3F021C7E /* Pods-cSDKonIOS.release.xcconfig */,
			);
			path = Pods;
			sourceTree = "<group>";
		};
		A1AFDDCA25E45DF4000375E6 = {
			isa = PBXGroup;
			children = (
				A1AFDDD525E45DF4000375E6 /* cSDKonIOS */,
				A1AFDDD425E45DF4000375E6 /* Products */,
				462108439974E703D4AF5EF4 /* Pods */,
				E4C8AFBB7CD020CD005AE7C8 /* Frameworks */,
			);
			sourceTree = "<group>";
		};
		A1AFDDD425E45DF4000375E6 /* Products */ = {
			isa = PBXGroup;
			children = (
				A1AFDDD325E45DF4000375E6 /* cSDKonIOS.app */,
			);
			name = Products;
			sourceTree = "<group>";
		};
		A1AFDDD525E45DF4000375E6 /* cSDKonIOS */ = {
			isa = PBXGroup;
			children = (
				A1AFDDD625E45DF4000375E6 /* cSDKonIOSApp.swift */,
				A1AFDDD825E45DF4000375E6 /* iotDemoView.swift */,
				A198DC1825E576FC00CEDC94 /* iotClientViewController.swift */,
				A1AFDDDA25E45DF5000375E6 /* Assets.xcassets */,
				A1AFDDDF25E45DF5000375E6 /* Info.plist */,
				A1AFDDDC25E45DF5000375E6 /* Preview Content */,
			);
			path = cSDKonIOS;
			sourceTree = "<group>";
		};
		A1AFDDDC25E45DF5000375E6 /* Preview Content */ = {
			isa = PBXGroup;
			children = (
				A1AFDDDD25E45DF5000375E6 /* Preview Assets.xcassets */,
			);
			path = "Preview Content";
			sourceTree = "<group>";
		};
		E4C8AFBB7CD020CD005AE7C8 /* Frameworks */ = {
			isa = PBXGroup;
			children = (
				C8778C1D6E7C154CDC482621 /* Pods_cSDKonIOS.framework */,
			);
			name = Frameworks;
			sourceTree = "<group>";
		};
/* End PBXGroup section */

/* Begin PBXNativeTarget section */
		A1AFDDD225E45DF4000375E6 /* cSDKonIOS */ = {
			isa = PBXNativeTarget;
			buildConfigurationList = A1AFDDE225E45DF5000375E6 /* Build configuration list for PBXNativeTarget "cSDKonIOS" */;
			buildPhases = (
				2A6280B5C80294B98347B3ED /* [CP] Check Pods Manifest.lock */,
				A1AFDDCF25E45DF4000375E6 /* Sources */,
				A1AFDDD025E45DF4000375E6 /* Frameworks */,
				A1AFDDD125E45DF4000375E6 /* Resources */,
				E30020B29D11B4838687B3C3 /* [CP] Embed Pods Frameworks */,
			);
			buildRules = (
			);
			dependencies = (
			);
			name = cSDKonIOS;
			productName = cSDKonIOS;
			productReference = A1AFDDD325E45DF4000375E6 /* cSDKonIOS.app */;
			productType = "com.apple.product-type.application";
		};
/* End PBXNativeTarget section */

/* Begin PBXProject section */
		A1AFDDCB25E45DF4000375E6 /* Project object */ = {
			isa = PBXProject;
			attributes = {
				LastSwiftUpdateCheck = 1240;
				LastUpgradeCheck = 1240;
				TargetAttributes = {
					A1AFDDD225E45DF4000375E6 = {
						CreatedOnToolsVersion = 12.4;
					};
				};
			};
			buildConfigurationList = A1AFDDCE25E45DF4000375E6 /* Build configuration list for PBXProject "cSDKonIOS" */;
			compatibilityVersion = "Xcode 9.3";
			developmentRegion = en;
			hasScannedForEncodings = 0;
			knownRegions = (
				en,
				Base,
			);
			mainGroup = A1AFDDCA25E45DF4000375E6;
			productRefGroup = A1AFDDD425E45DF4000375E6 /* Products */;
			projectDirPath = "";
			projectRoot = "";
			targets = (
				A1AFDDD225E45DF4000375E6 /* cSDKonIOS */,
			);
		};
/* End PBXProject section */

/* Begin PBXResourcesBuildPhase section */
		A1AFDDD125E45DF4000375E6 /* Resources */ = {
			isa = PBXResourcesBuildPhase;
			buildActionMask = 2147483647;
			files = (
				A1AFDDDE25E45DF5000375E6 /* Preview Assets.xcassets in Resources */,
				A1AFDDDB25E45DF5000375E6 /* Assets.xcassets in Resources */,
			);
			runOnlyForDeploymentPostprocessing = 0;
		};
/* End PBXResourcesBuildPhase section */

/* Begin PBXShellScriptBuildPhase section */
		2A6280B5C80294B98347B3ED /* [CP] Check Pods Manifest.lock */ = {
			isa = PBXShellScriptBuildPhase;
			buildActionMask = 2147483647;
			files = (
			);
			inputFileListPaths = (
			);
			inputPaths = (
				"${PODS_PODFILE_DIR_PATH}/Podfile.lock",
				"${PODS_ROOT}/Manifest.lock",
			);
			name = "[CP] Check Pods Manifest.lock";
			outputFileListPaths = (
			);
			outputPaths = (
				"$(DERIVED_FILE_DIR)/Pods-cSDKonIOS-checkManifestLockResult.txt",
			);
			runOnlyForDeploymentPostprocessing = 0;
			shellPath = /bin/sh;
			shellScript = "diff \"${PODS_PODFILE_DIR_PATH}/Podfile.lock\" \"${PODS_ROOT}/Manifest.lock\" > /dev/null\nif [ $? != 0 ] ; then\n    # print error to STDERR\n    echo \"error: The cSDKonIOS is not in sync with the Podfile.lock. Run 'pod install' or update your CocoaPods installation.\" >&2\n    exit 1\nfi\n# This output is used by Xcode 'outputs' to avoid re-running this script phase.\necho \"SUCCESS\" > \"${SCRIPT_OUTPUT_FILE_0}\"\n";
			showEnvVarsInLog = 0;
		};
		E30020B29D11B4838687B3C3 /* [CP] Embed Pods Frameworks */ = {
			isa = PBXShellScriptBuildPhase;
			buildActionMask = 2147483647;
			files = (
			);
			inputFileListPaths = (
				"${PODS_ROOT}/Target Support Files/Pods-cSDKonIOS/Pods-cSDKonIOS-frameworks-${CONFIGURATION}-input-files.xcfilelist",
			);
			name = "[CP] Embed Pods Frameworks";
			outputFileListPaths = (
				"${PODS_ROOT}/Target Support Files/Pods-cSDKonIOS/Pods-cSDKonIOS-frameworks-${CONFIGURATION}-output-files.xcfilelist",
			);
			runOnlyForDeploymentPostprocessing = 0;
			shellPath = /bin/sh;
			shellScript = "\"${PODS_ROOT}/Target Support Files/Pods-cSDKonIOS/Pods-cSDKonIOS-frameworks.sh\"\n";
			showEnvVarsInLog = 0;
		};
/* End PBXShellScriptBuildPhase section */

/* Begin PBXSourcesBuildPhase section */
		A1AFDDCF25E45DF4000375E6 /* Sources */ = {
			isa = PBXSourcesBuildPhase;
			buildActionMask = 2147483647;
			files = (
				A198DC1925E576FC00CEDC94 /* iotClientViewController.swift in Sources */,
				A1AFDDD925E45DF4000375E6 /* iotDemoView.swift in Sources */,
				A1AFDDD725E45DF4000375E6 /* cSDKonIOSApp.swift in Sources */,
			);
			runOnlyForDeploymentPostprocessing = 0;
		};
/* End PBXSourcesBuildPhase section */

/* Begin XCBuildConfiguration section */
		A1AFDDE025E45DF5000375E6 /* Debug */ = {
			isa = XCBuildConfiguration;
			buildSettings = {
				ALWAYS_SEARCH_USER_PATHS = NO;
				CLANG_ANALYZER_NONNULL = YES;
				CLANG_ANALYZER_NUMBER_OBJECT_CONVERSION = YES_AGGRESSIVE;
				CLANG_CXX_LANGUAGE_STANDARD = "gnu++14";
				CLANG_CXX_LIBRARY = "libc++";
				CLANG_ENABLE_MODULES = YES;
				CLANG_ENABLE_OBJC_ARC = YES;
				CLANG_ENABLE_OBJC_WEAK = YES;
				CLANG_WARN_BLOCK_CAPTURE_AUTORELEASING = YES;
				CLANG_WARN_BOOL_CONVERSION = YES;
				CLANG_WARN_COMMA = YES;
				CLANG_WARN_CONSTANT_CONVERSION = YES;
				CLANG_WARN_DEPRECATED_OBJC_IMPLEMENTATIONS = YES;
				CLANG_WARN_DIRECT_OBJC_ISA_USAGE = YES_ERROR;
				CLANG_WARN_DOCUMENTATION_COMMENTS = YES;
				CLANG_WARN_EMPTY_BODY = YES;
				CLANG_WARN_ENUM_CONVERSION = YES;
				CLANG_WARN_INFINITE_RECURSION = YES;
				CLANG_WARN_INT_CONVERSION = YES;
				CLANG_WARN_NON_LITERAL_NULL_CONVERSION = YES;
				CLANG_WARN_OBJC_IMPLICIT_RETAIN_SELF = YES;
				CLANG_WARN_OBJC_LITERAL_CONVERSION = YES;
				CLANG_WARN_OBJC_ROOT_CLASS = YES_ERROR;
				CLANG_WARN_QUOTED_INCLUDE_IN_FRAMEWORK_HEADER = YES;
				CLANG_WARN_RANGE_LOOP_ANALYSIS = YES;
				CLANG_WARN_STRICT_PROTOTYPES = YES;
				CLANG_WARN_SUSPICIOUS_MOVE = YES;
				CLANG_WARN_UNGUARDED_AVAILABILITY = YES_AGGRESSIVE;
				CLANG_WARN_UNREACHABLE_CODE = YES;
				CLANG_WARN__DUPLICATE_METHOD_MATCH = YES;
				COPY_PHASE_STRIP = NO;
				DEBUG_INFORMATION_FORMAT = dwarf;
				ENABLE_STRICT_OBJC_MSGSEND = YES;
				ENABLE_TESTABILITY = YES;
				GCC_C_LANGUAGE_STANDARD = gnu11;
				GCC_DYNAMIC_NO_PIC = NO;
				GCC_NO_COMMON_BLOCKS = YES;
				GCC_OPTIMIZATION_LEVEL = 0;
				GCC_PREPROCESSOR_DEFINITIONS = (
					"DEBUG=1",
					"$(inherited)",
				);
				GCC_WARN_64_TO_32_BIT_CONVERSION = YES;
				GCC_WARN_ABOUT_RETURN_TYPE = YES_ERROR;
				GCC_WARN_UNDECLARED_SELECTOR = YES;
				GCC_WARN_UNINITIALIZED_AUTOS = YES_AGGRESSIVE;
				GCC_WARN_UNUSED_FUNCTION = YES;
				GCC_WARN_UNUSED_VARIABLE = YES;
				IPHONEOS_DEPLOYMENT_TARGET = 14.4;
				MTL_ENABLE_DEBUG_INFO = INCLUDE_SOURCE;
				MTL_FAST_MATH = YES;
				ONLY_ACTIVE_ARCH = YES;
				SDKROOT = iphoneos;
				SWIFT_ACTIVE_COMPILATION_CONDITIONS = DEBUG;
				SWIFT_OPTIMIZATION_LEVEL = "-Onone";
			};
			name = Debug;
		};
		A1AFDDE125E45DF5000375E6 /* Release */ = {
			isa = XCBuildConfiguration;
			buildSettings = {
				ALWAYS_SEARCH_USER_PATHS = NO;
				CLANG_ANALYZER_NONNULL = YES;
				CLANG_ANALYZER_NUMBER_OBJECT_CONVERSION = YES_AGGRESSIVE;
				CLANG_CXX_LANGUAGE_STANDARD = "gnu++14";
				CLANG_CXX_LIBRARY = "libc++";
				CLANG_ENABLE_MODULES = YES;
				CLANG_ENABLE_OBJC_ARC = YES;
				CLANG_ENABLE_OBJC_WEAK = YES;
				CLANG_WARN_BLOCK_CAPTURE_AUTORELEASING = YES;
				CLANG_WARN_BOOL_CONVERSION = YES;
				CLANG_WARN_COMMA = YES;
				CLANG_WARN_CONSTANT_CONVERSION = YES;
				CLANG_WARN_DEPRECATED_OBJC_IMPLEMENTATIONS = YES;
				CLANG_WARN_DIRECT_OBJC_ISA_USAGE = YES_ERROR;
				CLANG_WARN_DOCUMENTATION_COMMENTS = YES;
				CLANG_WARN_EMPTY_BODY = YES;
				CLANG_WARN_ENUM_CONVERSION = YES;
				CLANG_WARN_INFINITE_RECURSION = YES;
				CLANG_WARN_INT_CONVERSION = YES;
				CLANG_WARN_NON_LITERAL_NULL_CONVERSION = YES;
				CLANG_WARN_OBJC_IMPLICIT_RETAIN_SELF = YES;
				CLANG_WARN_OBJC_LITERAL_CONVERSION = YES;
				CLANG_WARN_OBJC_ROOT_CLASS = YES_ERROR;
				CLANG_WARN_QUOTED_INCLUDE_IN_FRAMEWORK_HEADER = YES;
				CLANG_WARN_RANGE_LOOP_ANALYSIS = YES;
				CLANG_WARN_STRICT_PROTOTYPES = YES;
				CLANG_WARN_SUSPICIOUS_MOVE = YES;
				CLANG_WARN_UNGUARDED_AVAILABILITY = YES_AGGRESSIVE;
				CLANG_WARN_UNREACHABLE_CODE = YES;
				CLANG_WARN__DUPLICATE_METHOD_MATCH = YES;
				COPY_PHASE_STRIP = NO;
				DEBUG_INFORMATION_FORMAT = "dwarf-with-dsym";
				ENABLE_NS_ASSERTIONS = NO;
				ENABLE_STRICT_OBJC_MSGSEND = YES;
				GCC_C_LANGUAGE_STANDARD = gnu11;
				GCC_NO_COMMON_BLOCKS = YES;
				GCC_WARN_64_TO_32_BIT_CONVERSION = YES;
				GCC_WARN_ABOUT_RETURN_TYPE = YES_ERROR;
				GCC_WARN_UNDECLARED_SELECTOR = YES;
				GCC_WARN_UNINITIALIZED_AUTOS = YES_AGGRESSIVE;
				GCC_WARN_UNUSED_FUNCTION = YES;
				GCC_WARN_UNUSED_VARIABLE = YES;
				IPHONEOS_DEPLOYMENT_TARGET = 14.4;
				MTL_ENABLE_DEBUG_INFO = NO;
				MTL_FAST_MATH = YES;
				SDKROOT = iphoneos;
				SWIFT_COMPILATION_MODE = wholemodule;
				SWIFT_OPTIMIZATION_LEVEL = "-O";
				VALIDATE_PRODUCT = YES;
			};
			name = Release;
		};
		A1AFDDE325E45DF5000375E6 /* Debug */ = {
			isa = XCBuildConfiguration;
			baseConfigurationReference = 442BECFCE392B52360A9B30F /* Pods-cSDKonIOS.debug.xcconfig */;
			buildSettings = {
				ASSETCATALOG_COMPILER_APPICON_NAME = AppIcon;
				ASSETCATALOG_COMPILER_GLOBAL_ACCENT_COLOR_NAME = AccentColor;
				CODE_SIGN_STYLE = Automatic;
				DEVELOPMENT_ASSET_PATHS = "\"cSDKonIOS/Preview Content\"";
				DEVELOPMENT_TEAM = 229P89398U;
				ENABLE_PREVIEWS = YES;
				INFOPLIST_FILE = cSDKonIOS/Info.plist;
				IPHONEOS_DEPLOYMENT_TARGET = 14.0;
				LD_RUNPATH_SEARCH_PATHS = (
					"$(inherited)",
					"@executable_path/Frameworks",
				);
				PRODUCT_BUNDLE_IDENTIFIER = com.danewalton.cSDKonIOS;
				PRODUCT_NAME = "$(TARGET_NAME)";
				SWIFT_VERSION = 5.0;
				TARGETED_DEVICE_FAMILY = "1,2";
			};
			name = Debug;
		};
		A1AFDDE425E45DF5000375E6 /* Release */ = {
			isa = XCBuildConfiguration;
			baseConfigurationReference = 7A23E33DD813C39C3F021C7E /* Pods-cSDKonIOS.release.xcconfig */;
			buildSettings = {
				ASSETCATALOG_COMPILER_APPICON_NAME = AppIcon;
				ASSETCATALOG_COMPILER_GLOBAL_ACCENT_COLOR_NAME = AccentColor;
				CODE_SIGN_STYLE = Automatic;
				DEVELOPMENT_ASSET_PATHS = "\"cSDKonIOS/Preview Content\"";
				DEVELOPMENT_TEAM = 229P89398U;
				ENABLE_PREVIEWS = YES;
				INFOPLIST_FILE = cSDKonIOS/Info.plist;
				IPHONEOS_DEPLOYMENT_TARGET = 14.0;
				LD_RUNPATH_SEARCH_PATHS = (
					"$(inherited)",
					"@executable_path/Frameworks",
				);
				PRODUCT_BUNDLE_IDENTIFIER = com.danewalton.cSDKonIOS;
				PRODUCT_NAME = "$(TARGET_NAME)";
				SWIFT_VERSION = 5.0;
				TARGETED_DEVICE_FAMILY = "1,2";
			};
			name = Release;
		};
/* End XCBuildConfiguration section */

/* Begin XCConfigurationList section */
		A1AFDDCE25E45DF4000375E6 /* Build configuration list for PBXProject "cSDKonIOS" */ = {
			isa = XCConfigurationList;
			buildConfigurations = (
				A1AFDDE025E45DF5000375E6 /* Debug */,
				A1AFDDE125E45DF5000375E6 /* Release */,
			);
			defaultConfigurationIsVisible = 0;
			defaultConfigurationName = Release;
		};
		A1AFDDE225E45DF5000375E6 /* Build configuration list for PBXNativeTarget "cSDKonIOS" */ = {
			isa = XCConfigurationList;
			buildConfigurations = (
				A1AFDDE325E45DF5000375E6 /* Debug */,
				A1AFDDE425E45DF5000375E6 /* Release */,
			);
			defaultConfigurationIsVisible = 0;
			defaultConfigurationName = Release;
		};
/* End XCConfigurationList section */
	};
	rootObject = A1AFDDCB25E45DF4000375E6 /* Project object */;
}
